// !$*UTF8*$!
{
	archiveVersion = 1;
	classes = {
	};
	objectVersion = 52;
	objects = {

/* Begin PBXBuildFile section */
		077071C82607397D00370086 /* ExampleApp.swift in Sources */ = {isa = PBXBuildFile; fileRef = 077071C72607397D00370086 /* ExampleApp.swift */; };
		077071CA2607397D00370086 /* ContentView.swift in Sources */ = {isa = PBXBuildFile; fileRef = 077071C92607397D00370086 /* ContentView.swift */; };
		077071CC2607398100370086 /* Assets.xcassets in Resources */ = {isa = PBXBuildFile; fileRef = 077071CB2607398100370086 /* Assets.xcassets */; };
		077071CF2607398100370086 /* Preview Assets.xcassets in Resources */ = {isa = PBXBuildFile; fileRef = 077071CE2607398100370086 /* Preview Assets.xcassets */; };
		077071D12607398100370086 /* Persistence.swift in Sources */ = {isa = PBXBuildFile; fileRef = 077071D02607398100370086 /* Persistence.swift */; };
		077071D42607398100370086 /* ExampleApp.xcdatamodeld in Sources */ = {isa = PBXBuildFile; fileRef = 077071D22607398100370086 /* ExampleApp.xcdatamodeld */; };
		077071DF2607398100370086 /* ExampleAppTests.swift in Sources */ = {isa = PBXBuildFile; fileRef = 077071DE2607398100370086 /* ExampleAppTests.swift */; };
		077071EA2607398100370086 /* ExampleAppUITests.swift in Sources */ = {isa = PBXBuildFile; fileRef = 077071E92607398100370086 /* ExampleAppUITests.swift */; };
		077071FF26076DB700370086 /* Shrub in Frameworks */ = {isa = PBXBuildFile; productRef = 077071FE26076DB700370086 /* Shrub */; };
/* End PBXBuildFile section */

/* Begin PBXContainerItemProxy section */
		077071DB2607398100370086 /* PBXContainerItemProxy */ = {
			isa = PBXContainerItemProxy;
			containerPortal = 077071BC2607397D00370086 /* Project object */;
			proxyType = 1;
			remoteGlobalIDString = 077071C32607397D00370086;
			remoteInfo = ExampleApp;
		};
		077071E62607398100370086 /* PBXContainerItemProxy */ = {
			isa = PBXContainerItemProxy;
			containerPortal = 077071BC2607397D00370086 /* Project object */;
			proxyType = 1;
			remoteGlobalIDString = 077071C32607397D00370086;
			remoteInfo = ExampleApp;
		};
/* End PBXContainerItemProxy section */

/* Begin PBXFileReference section */
		077071C42607397D00370086 /* ExampleApp.app */ = {isa = PBXFileReference; explicitFileType = wrapper.application; includeInIndex = 0; path = ExampleApp.app; sourceTree = BUILT_PRODUCTS_DIR; };
		077071C72607397D00370086 /* ExampleApp.swift */ = {isa = PBXFileReference; lastKnownFileType = sourcecode.swift; path = ExampleApp.swift; sourceTree = "<group>"; };
		077071C92607397D00370086 /* ContentView.swift */ = {isa = PBXFileReference; lastKnownFileType = sourcecode.swift; path = ContentView.swift; sourceTree = "<group>"; };
		077071CB2607398100370086 /* Assets.xcassets */ = {isa = PBXFileReference; lastKnownFileType = folder.assetcatalog; path = Assets.xcassets; sourceTree = "<group>"; };
		077071CE2607398100370086 /* Preview Assets.xcassets */ = {isa = PBXFileReference; lastKnownFileType = folder.assetcatalog; path = "Preview Assets.xcassets"; sourceTree = "<group>"; };
		077071D02607398100370086 /* Persistence.swift */ = {isa = PBXFileReference; lastKnownFileType = sourcecode.swift; path = Persistence.swift; sourceTree = "<group>"; };
		077071D32607398100370086 /* ExampleApp.xcdatamodel */ = {isa = PBXFileReference; lastKnownFileType = wrapper.xcdatamodel; path = ExampleApp.xcdatamodel; sourceTree = "<group>"; };
		077071D52607398100370086 /* Info.plist */ = {isa = PBXFileReference; lastKnownFileType = text.plist.xml; path = Info.plist; sourceTree = "<group>"; };
		077071DA2607398100370086 /* ExampleAppTests.xctest */ = {isa = PBXFileReference; explicitFileType = wrapper.cfbundle; includeInIndex = 0; path = ExampleAppTests.xctest; sourceTree = BUILT_PRODUCTS_DIR; };
		077071DE2607398100370086 /* ExampleAppTests.swift */ = {isa = PBXFileReference; lastKnownFileType = sourcecode.swift; path = ExampleAppTests.swift; sourceTree = "<group>"; };
		077071E02607398100370086 /* Info.plist */ = {isa = PBXFileReference; lastKnownFileType = text.plist.xml; path = Info.plist; sourceTree = "<group>"; };
		077071E52607398100370086 /* ExampleAppUITests.xctest */ = {isa = PBXFileReference; explicitFileType = wrapper.cfbundle; includeInIndex = 0; path = ExampleAppUITests.xctest; sourceTree = BUILT_PRODUCTS_DIR; };
		077071E92607398100370086 /* ExampleAppUITests.swift */ = {isa = PBXFileReference; lastKnownFileType = sourcecode.swift; path = ExampleAppUITests.swift; sourceTree = "<group>"; };
		077071EB2607398100370086 /* Info.plist */ = {isa = PBXFileReference; lastKnownFileType = text.plist.xml; path = Info.plist; sourceTree = "<group>"; };
/* End PBXFileReference section */

/* Begin PBXFrameworksBuildPhase section */
		077071C12607397D00370086 /* Frameworks */ = {
			isa = PBXFrameworksBuildPhase;
			buildActionMask = 2147483647;
			files = (
				077071FF26076DB700370086 /* Shrub in Frameworks */,
			);
			runOnlyForDeploymentPostprocessing = 0;
		};
		077071D72607398100370086 /* Frameworks */ = {
			isa = PBXFrameworksBuildPhase;
			buildActionMask = 2147483647;
			files = (
			);
			runOnlyForDeploymentPostprocessing = 0;
		};
		077071E22607398100370086 /* Frameworks */ = {
			isa = PBXFrameworksBuildPhase;
			buildActionMask = 2147483647;
			files = (
			);
			runOnlyForDeploymentPostprocessing = 0;
		};
/* End PBXFrameworksBuildPhase section */

/* Begin PBXGroup section */
		077071BB2607397D00370086 = {
			isa = PBXGroup;
			children = (
				077071C62607397D00370086 /* ExampleApp */,
				077071DD2607398100370086 /* ExampleAppTests */,
				077071E82607398100370086 /* ExampleAppUITests */,
				077071C52607397D00370086 /* Products */,
			);
			sourceTree = "<group>";
		};
		077071C52607397D00370086 /* Products */ = {
			isa = PBXGroup;
			children = (
				077071C42607397D00370086 /* ExampleApp.app */,
				077071DA2607398100370086 /* ExampleAppTests.xctest */,
				077071E52607398100370086 /* ExampleAppUITests.xctest */,
			);
			name = Products;
			sourceTree = "<group>";
		};
		077071C62607397D00370086 /* ExampleApp */ = {
			isa = PBXGroup;
			children = (
				077071D52607398100370086 /* Info.plist */,
				077071C92607397D00370086 /* ContentView.swift */,
				077071C72607397D00370086 /* ExampleApp.swift */,
				077071D02607398100370086 /* Persistence.swift */,
				077071CB2607398100370086 /* Assets.xcassets */,
				077071D22607398100370086 /* ExampleApp.xcdatamodeld */,
				077071CD2607398100370086 /* Preview Content */,
			);
			path = ExampleApp;
			sourceTree = "<group>";
		};
		077071CD2607398100370086 /* Preview Content */ = {
			isa = PBXGroup;
			children = (
				077071CE2607398100370086 /* Preview Assets.xcassets */,
			);
			path = "Preview Content";
			sourceTree = "<group>";
		};
		077071DD2607398100370086 /* ExampleAppTests */ = {
			isa = PBXGroup;
			children = (
				077071DE2607398100370086 /* ExampleAppTests.swift */,
				077071E02607398100370086 /* Info.plist */,
			);
			path = ExampleAppTests;
			sourceTree = "<group>";
		};
		077071E82607398100370086 /* ExampleAppUITests */ = {
			isa = PBXGroup;
			children = (
				077071E92607398100370086 /* ExampleAppUITests.swift */,
				077071EB2607398100370086 /* Info.plist */,
			);
			path = ExampleAppUITests;
			sourceTree = "<group>";
		};
/* End PBXGroup section */

/* Begin PBXNativeTarget section */
		077071C32607397D00370086 /* ExampleApp */ = {
			isa = PBXNativeTarget;
			buildConfigurationList = 077071EE2607398100370086 /* Build configuration list for PBXNativeTarget "ExampleApp" */;
			buildPhases = (
				077071C02607397D00370086 /* Sources */,
				077071C12607397D00370086 /* Frameworks */,
				077071C22607397D00370086 /* Resources */,
			);
			buildRules = (
			);
			dependencies = (
			);
			name = ExampleApp;
			packageProductDependencies = (
				077071FE26076DB700370086 /* Shrub */,
			);
			productName = ExampleApp;
			productReference = 077071C42607397D00370086 /* ExampleApp.app */;
			productType = "com.apple.product-type.application";
		};
		077071D92607398100370086 /* ExampleAppTests */ = {
			isa = PBXNativeTarget;
			buildConfigurationList = 077071F12607398200370086 /* Build configuration list for PBXNativeTarget "ExampleAppTests" */;
			buildPhases = (
				077071D62607398100370086 /* Sources */,
				077071D72607398100370086 /* Frameworks */,
				077071D82607398100370086 /* Resources */,
			);
			buildRules = (
			);
			dependencies = (
				077071DC2607398100370086 /* PBXTargetDependency */,
			);
			name = ExampleAppTests;
			productName = ExampleAppTests;
			productReference = 077071DA2607398100370086 /* ExampleAppTests.xctest */;
			productType = "com.apple.product-type.bundle.unit-test";
		};
		077071E42607398100370086 /* ExampleAppUITests */ = {
			isa = PBXNativeTarget;
			buildConfigurationList = 077071F42607398200370086 /* Build configuration list for PBXNativeTarget "ExampleAppUITests" */;
			buildPhases = (
				077071E12607398100370086 /* Sources */,
				077071E22607398100370086 /* Frameworks */,
				077071E32607398100370086 /* Resources */,
			);
			buildRules = (
			);
			dependencies = (
				077071E72607398100370086 /* PBXTargetDependency */,
			);
			name = ExampleAppUITests;
			productName = ExampleAppUITests;
			productReference = 077071E52607398100370086 /* ExampleAppUITests.xctest */;
			productType = "com.apple.product-type.bundle.ui-testing";
		};
/* End PBXNativeTarget section */

/* Begin PBXProject section */
		077071BC2607397D00370086 /* Project object */ = {
			isa = PBXProject;
			attributes = {
				LastSwiftUpdateCheck = 1240;
				LastUpgradeCheck = 1240;
				TargetAttributes = {
					077071C32607397D00370086 = {
						CreatedOnToolsVersion = 12.4;
					};
					077071D92607398100370086 = {
						CreatedOnToolsVersion = 12.4;
						TestTargetID = 077071C32607397D00370086;
					};
					077071E42607398100370086 = {
						CreatedOnToolsVersion = 12.4;
						TestTargetID = 077071C32607397D00370086;
					};
				};
			};
			buildConfigurationList = 077071BF2607397D00370086 /* Build configuration list for PBXProject "ExampleApp" */;
			compatibilityVersion = "Xcode 9.3";
			developmentRegion = en;
			hasScannedForEncodings = 0;
			knownRegions = (
				en,
				Base,
			);
			mainGroup = 077071BB2607397D00370086;
			packageReferences = (
				077071FD26076DB700370086 /* XCRemoteSwiftPackageReference "Shrub" */,
			);
			productRefGroup = 077071C52607397D00370086 /* Products */;
			projectDirPath = "";
			projectRoot = "";
			targets = (
				077071C32607397D00370086 /* ExampleApp */,
				077071D92607398100370086 /* ExampleAppTests */,
				077071E42607398100370086 /* ExampleAppUITests */,
			);
		};
/* End PBXProject section */

/* Begin PBXResourcesBuildPhase section */
		077071C22607397D00370086 /* Resources */ = {
			isa = PBXResourcesBuildPhase;
			buildActionMask = 2147483647;
			files = (
				077071CF2607398100370086 /* Preview Assets.xcassets in Resources */,
				077071CC2607398100370086 /* Assets.xcassets in Resources */,
			);
			runOnlyForDeploymentPostprocessing = 0;
		};
		077071D82607398100370086 /* Resources */ = {
			isa = PBXResourcesBuildPhase;
			buildActionMask = 2147483647;
			files = (
			);
			runOnlyForDeploymentPostprocessing = 0;
		};
		077071E32607398100370086 /* Resources */ = {
			isa = PBXResourcesBuildPhase;
			buildActionMask = 2147483647;
			files = (
			);
			runOnlyForDeploymentPostprocessing = 0;
		};
/* End PBXResourcesBuildPhase section */

/* Begin PBXSourcesBuildPhase section */
		077071C02607397D00370086 /* Sources */ = {
			isa = PBXSourcesBuildPhase;
			buildActionMask = 2147483647;
			files = (
				077071D42607398100370086 /* ExampleApp.xcdatamodeld in Sources */,
				077071D12607398100370086 /* Persistence.swift in Sources */,
				077071CA2607397D00370086 /* ContentView.swift in Sources */,
				077071C82607397D00370086 /* ExampleApp.swift in Sources */,
			);
			runOnlyForDeploymentPostprocessing = 0;
		};
		077071D62607398100370086 /* Sources */ = {
			isa = PBXSourcesBuildPhase;
			buildActionMask = 2147483647;
			files = (
				077071DF2607398100370086 /* ExampleAppTests.swift in Sources */,
			);
			runOnlyForDeploymentPostprocessing = 0;
		};
		077071E12607398100370086 /* Sources */ = {
			isa = PBXSourcesBuildPhase;
			buildActionMask = 2147483647;
			files = (
				077071EA2607398100370086 /* ExampleAppUITests.swift in Sources */,
			);
			runOnlyForDeploymentPostprocessing = 0;
		};
/* End PBXSourcesBuildPhase section */

/* Begin PBXTargetDependency section */
		077071DC2607398100370086 /* PBXTargetDependency */ = {
			isa = PBXTargetDependency;
			target = 077071C32607397D00370086 /* ExampleApp */;
			targetProxy = 077071DB2607398100370086 /* PBXContainerItemProxy */;
		};
		077071E72607398100370086 /* PBXTargetDependency */ = {
			isa = PBXTargetDependency;
			target = 077071C32607397D00370086 /* ExampleApp */;
			targetProxy = 077071E62607398100370086 /* PBXContainerItemProxy */;
		};
/* End PBXTargetDependency section */

/* Begin XCBuildConfiguration section */
		077071EC2607398100370086 /* Debug */ = {
			isa = XCBuildConfiguration;
			buildSettings = {
				ALWAYS_SEARCH_USER_PATHS = NO;
				CLANG_ANALYZER_NONNULL = YES;
				CLANG_ANALYZER_NUMBER_OBJECT_CONVERSION = YES_AGGRESSIVE;
				CLANG_CXX_LANGUAGE_STANDARD = "gnu++14";
				CLANG_CXX_LIBRARY = "libc++";
				CLANG_ENABLE_MODULES = YES;
				CLANG_ENABLE_OBJC_ARC = YES;
				CLANG_ENABLE_OBJC_WEAK = YES;
				CLANG_WARN_BLOCK_CAPTURE_AUTORELEASING = YES;
				CLANG_WARN_BOOL_CONVERSION = YES;
				CLANG_WARN_COMMA = YES;
				CLANG_WARN_CONSTANT_CONVERSION = YES;
				CLANG_WARN_DEPRECATED_OBJC_IMPLEMENTATIONS = YES;
				CLANG_WARN_DIRECT_OBJC_ISA_USAGE = YES_ERROR;
				CLANG_WARN_DOCUMENTATION_COMMENTS = YES;
				CLANG_WARN_EMPTY_BODY = YES;
				CLANG_WARN_ENUM_CONVERSION = YES;
				CLANG_WARN_INFINITE_RECURSION = YES;
				CLANG_WARN_INT_CONVERSION = YES;
				CLANG_WARN_NON_LITERAL_NULL_CONVERSION = YES;
				CLANG_WARN_OBJC_IMPLICIT_RETAIN_SELF = YES;
				CLANG_WARN_OBJC_LITERAL_CONVERSION = YES;
				CLANG_WARN_OBJC_ROOT_CLASS = YES_ERROR;
				CLANG_WARN_QUOTED_INCLUDE_IN_FRAMEWORK_HEADER = YES;
				CLANG_WARN_RANGE_LOOP_ANALYSIS = YES;
				CLANG_WARN_STRICT_PROTOTYPES = YES;
				CLANG_WARN_SUSPICIOUS_MOVE = YES;
				CLANG_WARN_UNGUARDED_AVAILABILITY = YES_AGGRESSIVE;
				CLANG_WARN_UNREACHABLE_CODE = YES;
				CLANG_WARN__DUPLICATE_METHOD_MATCH = YES;
				COPY_PHASE_STRIP = NO;
				DEBUG_INFORMATION_FORMAT = dwarf;
				ENABLE_STRICT_OBJC_MSGSEND = YES;
				ENABLE_TESTABILITY = YES;
				GCC_C_LANGUAGE_STANDARD = gnu11;
				GCC_DYNAMIC_NO_PIC = NO;
				GCC_NO_COMMON_BLOCKS = YES;
				GCC_OPTIMIZATION_LEVEL = 0;
				GCC_PREPROCESSOR_DEFINITIONS = (
					"DEBUG=1",
					"$(inherited)",
				);
				GCC_WARN_64_TO_32_BIT_CONVERSION = YES;
				GCC_WARN_ABOUT_RETURN_TYPE = YES_ERROR;
				GCC_WARN_UNDECLARED_SELECTOR = YES;
				GCC_WARN_UNINITIALIZED_AUTOS = YES_AGGRESSIVE;
				GCC_WARN_UNUSED_FUNCTION = YES;
				GCC_WARN_UNUSED_VARIABLE = YES;
				IPHONEOS_DEPLOYMENT_TARGET = 14.4;
				MTL_ENABLE_DEBUG_INFO = INCLUDE_SOURCE;
				MTL_FAST_MATH = YES;
				ONLY_ACTIVE_ARCH = YES;
				SDKROOT = iphoneos;
				SWIFT_ACTIVE_COMPILATION_CONDITIONS = DEBUG;
				SWIFT_OPTIMIZATION_LEVEL = "-Onone";
			};
			name = Debug;
		};
		077071ED2607398100370086 /* Release */ = {
			isa = XCBuildConfiguration;
			buildSettings = {
				ALWAYS_SEARCH_USER_PATHS = NO;
				CLANG_ANALYZER_NONNULL = YES;
				CLANG_ANALYZER_NUMBER_OBJECT_CONVERSION = YES_AGGRESSIVE;
				CLANG_CXX_LANGUAGE_STANDARD = "gnu++14";
				CLANG_CXX_LIBRARY = "libc++";
				CLANG_ENABLE_MODULES = YES;
				CLANG_ENABLE_OBJC_ARC = YES;
				CLANG_ENABLE_OBJC_WEAK = YES;
				CLANG_WARN_BLOCK_CAPTURE_AUTORELEASING = YES;
				CLANG_WARN_BOOL_CONVERSION = YES;
				CLANG_WARN_COMMA = YES;
				CLANG_WARN_CONSTANT_CONVERSION = YES;
				CLANG_WARN_DEPRECATED_OBJC_IMPLEMENTATIONS = YES;
				CLANG_WARN_DIRECT_OBJC_ISA_USAGE = YES_ERROR;
				CLANG_WARN_DOCUMENTATION_COMMENTS = YES;
				CLANG_WARN_EMPTY_BODY = YES;
				CLANG_WARN_ENUM_CONVERSION = YES;
				CLANG_WARN_INFINITE_RECURSION = YES;
				CLANG_WARN_INT_CONVERSION = YES;
				CLANG_WARN_NON_LITERAL_NULL_CONVERSION = YES;
				CLANG_WARN_OBJC_IMPLICIT_RETAIN_SELF = YES;
				CLANG_WARN_OBJC_LITERAL_CONVERSION = YES;
				CLANG_WARN_OBJC_ROOT_CLASS = YES_ERROR;
				CLANG_WARN_QUOTED_INCLUDE_IN_FRAMEWORK_HEADER = YES;
				CLANG_WARN_RANGE_LOOP_ANALYSIS = YES;
				CLANG_WARN_STRICT_PROTOTYPES = YES;
				CLANG_WARN_SUSPICIOUS_MOVE = YES;
				CLANG_WARN_UNGUARDED_AVAILABILITY = YES_AGGRESSIVE;
				CLANG_WARN_UNREACHABLE_CODE = YES;
				CLANG_WARN__DUPLICATE_METHOD_MATCH = YES;
				COPY_PHASE_STRIP = NO;
				DEBUG_INFORMATION_FORMAT = "dwarf-with-dsym";
				ENABLE_NS_ASSERTIONS = NO;
				ENABLE_STRICT_OBJC_MSGSEND = YES;
				GCC_C_LANGUAGE_STANDARD = gnu11;
				GCC_NO_COMMON_BLOCKS = YES;
				GCC_WARN_64_TO_32_BIT_CONVERSION = YES;
				GCC_WARN_ABOUT_RETURN_TYPE = YES_ERROR;
				GCC_WARN_UNDECLARED_SELECTOR = YES;
				GCC_WARN_UNINITIALIZED_AUTOS = YES_AGGRESSIVE;
				GCC_WARN_UNUSED_FUNCTION = YES;
				GCC_WARN_UNUSED_VARIABLE = YES;
				IPHONEOS_DEPLOYMENT_TARGET = 14.4;
				MTL_ENABLE_DEBUG_INFO = NO;
				MTL_FAST_MATH = YES;
				SDKROOT = iphoneos;
				SWIFT_COMPILATION_MODE = wholemodule;
				SWIFT_OPTIMIZATION_LEVEL = "-O";
				VALIDATE_PRODUCT = YES;
			};
			name = Release;
		};
		077071EF2607398100370086 /* Debug */ = {
			isa = XCBuildConfiguration;
			buildSettings = {
				ASSETCATALOG_COMPILER_APPICON_NAME = AppIcon;
				ASSETCATALOG_COMPILER_GLOBAL_ACCENT_COLOR_NAME = AccentColor;
				CODE_SIGN_STYLE = Automatic;
				DEVELOPMENT_ASSET_PATHS = "\"ExampleApp/Preview Content\"";
				DEVELOPMENT_TEAM = H7VW9E4GCP;
				ENABLE_PREVIEWS = YES;
				INFOPLIST_FILE = ExampleApp/Info.plist;
				IPHONEOS_DEPLOYMENT_TARGET = 14.0;
				LD_RUNPATH_SEARCH_PATHS = (
					"$(inherited)",
					"@executable_path/Frameworks",
				);
				PRODUCT_BUNDLE_IDENTIFIER = net.screensailor.ExampleApp;
				PRODUCT_NAME = "$(TARGET_NAME)";
				SWIFT_VERSION = 5.0;
				TARGETED_DEVICE_FAMILY = "1,2";
			};
			name = Debug;
		};
		077071F02607398100370086 /* Release */ = {
			isa = XCBuildConfiguration;
			buildSettings = {
				ASSETCATALOG_COMPILER_APPICON_NAME = AppIcon;
				ASSETCATALOG_COMPILER_GLOBAL_ACCENT_COLOR_NAME = AccentColor;
				CODE_SIGN_STYLE = Automatic;
				DEVELOPMENT_ASSET_PATHS = "\"ExampleApp/Preview Content\"";
				DEVELOPMENT_TEAM = H7VW9E4GCP;
				ENABLE_PREVIEWS = YES;
				INFOPLIST_FILE = ExampleApp/Info.plist;
				IPHONEOS_DEPLOYMENT_TARGET = 14.0;
				LD_RUNPATH_SEARCH_PATHS = (
					"$(inherited)",
					"@executable_path/Frameworks",
				);
				PRODUCT_BUNDLE_IDENTIFIER = net.screensailor.ExampleApp;
				PRODUCT_NAME = "$(TARGET_NAME)";
				SWIFT_VERSION = 5.0;
				TARGETED_DEVICE_FAMILY = "1,2";
			};
			name = Release;
		};
		077071F22607398200370086 /* Debug */ = {
			isa = XCBuildConfiguration;
			buildSettings = {
				ALWAYS_EMBED_SWIFT_STANDARD_LIBRARIES = YES;
				BUNDLE_LOADER = "$(TEST_HOST)";
				CODE_SIGN_STYLE = Automatic;
				DEVELOPMENT_TEAM = H7VW9E4GCP;
				INFOPLIST_FILE = ExampleAppTests/Info.plist;
				IPHONEOS_DEPLOYMENT_TARGET = 14.0;
				LD_RUNPATH_SEARCH_PATHS = (
					"$(inherited)",
					"@executable_path/Frameworks",
					"@loader_path/Frameworks",
				);
				PRODUCT_BUNDLE_IDENTIFIER = net.screensailor.ExampleAppTests;
				PRODUCT_NAME = "$(TARGET_NAME)";
				SWIFT_VERSION = 5.0;
				TARGETED_DEVICE_FAMILY = "1,2";
				TEST_HOST = "$(BUILT_PRODUCTS_DIR)/ExampleApp.app/ExampleApp";
			};
			name = Debug;
		};
		077071F32607398200370086 /* Release */ = {
			isa = XCBuildConfiguration;
			buildSettings = {
				ALWAYS_EMBED_SWIFT_STANDARD_LIBRARIES = YES;
				BUNDLE_LOADER = "$(TEST_HOST)";
				CODE_SIGN_STYLE = Automatic;
				DEVELOPMENT_TEAM = H7VW9E4GCP;
				INFOPLIST_FILE = ExampleAppTests/Info.plist;
				IPHONEOS_DEPLOYMENT_TARGET = 14.0;
				LD_RUNPATH_SEARCH_PATHS = (
					"$(inherited)",
					"@executable_path/Frameworks",
					"@loader_path/Frameworks",
				);
				PRODUCT_BUNDLE_IDENTIFIER = net.screensailor.ExampleAppTests;
				PRODUCT_NAME = "$(TARGET_NAME)";
				SWIFT_VERSION = 5.0;
				TARGETED_DEVICE_FAMILY = "1,2";
				TEST_HOST = "$(BUILT_PRODUCTS_DIR)/ExampleApp.app/ExampleApp";
			};
			name = Release;
		};
		077071F52607398200370086 /* Debug */ = {
			isa = XCBuildConfiguration;
			buildSettings = {
				ALWAYS_EMBED_SWIFT_STANDARD_LIBRARIES = YES;
				CODE_SIGN_STYLE = Automatic;
				DEVELOPMENT_TEAM = H7VW9E4GCP;
				INFOPLIST_FILE = ExampleAppUITests/Info.plist;
				LD_RUNPATH_SEARCH_PATHS = (
					"$(inherited)",
					"@executable_path/Frameworks",
					"@loader_path/Frameworks",
				);
				PRODUCT_BUNDLE_IDENTIFIER = net.screensailor.ExampleAppUITests;
				PRODUCT_NAME = "$(TARGET_NAME)";
				SWIFT_VERSION = 5.0;
				TARGETED_DEVICE_FAMILY = "1,2";
				TEST_TARGET_NAME = ExampleApp;
			};
			name = Debug;
		};
		077071F62607398200370086 /* Release */ = {
			isa = XCBuildConfiguration;
			buildSettings = {
				ALWAYS_EMBED_SWIFT_STANDARD_LIBRARIES = YES;
				CODE_SIGN_STYLE = Automatic;
				DEVELOPMENT_TEAM = H7VW9E4GCP;
				INFOPLIST_FILE = ExampleAppUITests/Info.plist;
				LD_RUNPATH_SEARCH_PATHS = (
					"$(inherited)",
					"@executable_path/Frameworks",
					"@loader_path/Frameworks",
				);
				PRODUCT_BUNDLE_IDENTIFIER = net.screensailor.ExampleAppUITests;
				PRODUCT_NAME = "$(TARGET_NAME)";
				SWIFT_VERSION = 5.0;
				TARGETED_DEVICE_FAMILY = "1,2";
				TEST_TARGET_NAME = ExampleApp;
			};
			name = Release;
		};
/* End XCBuildConfiguration section */

/* Begin XCConfigurationList section */
		077071BF2607397D00370086 /* Build configuration list for PBXProject "ExampleApp" */ = {
			isa = XCConfigurationList;
			buildConfigurations = (
				077071EC2607398100370086 /* Debug */,
				077071ED2607398100370086 /* Release */,
			);
			defaultConfigurationIsVisible = 0;
			defaultConfigurationName = Release;
		};
		077071EE2607398100370086 /* Build configuration list for PBXNativeTarget "ExampleApp" */ = {
			isa = XCConfigurationList;
			buildConfigurations = (
				077071EF2607398100370086 /* Debug */,
				077071F02607398100370086 /* Release */,
			);
			defaultConfigurationIsVisible = 0;
			defaultConfigurationName = Release;
		};
		077071F12607398200370086 /* Build configuration list for PBXNativeTarget "ExampleAppTests" */ = {
			isa = XCConfigurationList;
			buildConfigurations = (
				077071F22607398200370086 /* Debug */,
				077071F32607398200370086 /* Release */,
			);
			defaultConfigurationIsVisible = 0;
			defaultConfigurationName = Release;
		};
		077071F42607398200370086 /* Build configuration list for PBXNativeTarget "ExampleAppUITests" */ = {
			isa = XCConfigurationList;
			buildConfigurations = (
				077071F52607398200370086 /* Debug */,
				077071F62607398200370086 /* Release */,
			);
			defaultConfigurationIsVisible = 0;
			defaultConfigurationName = Release;
		};
/* End XCConfigurationList section */

/* Begin XCRemoteSwiftPackageReference section */
		077071FD26076DB700370086 /* XCRemoteSwiftPackageReference "Shrub" */ = {
			isa = XCRemoteSwiftPackageReference;
			repositoryURL = "git@github.com:screensailor/Shrub.git";
			requirement = {
				branch = trunk;
				kind = branch;
			};
		};
/* End XCRemoteSwiftPackageReference section */

/* Begin XCSwiftPackageProductDependency section */
		077071FE26076DB700370086 /* Shrub */ = {
			isa = XCSwiftPackageProductDependency;
			package = 077071FD26076DB700370086 /* XCRemoteSwiftPackageReference "Shrub" */;
			productName = Shrub;
		};
/* End XCSwiftPackageProductDependency section */

/* Begin XCVersionGroup section */
		077071D22607398100370086 /* ExampleApp.xcdatamodeld */ = {
			isa = XCVersionGroup;
			children = (
				077071D32607398100370086 /* ExampleApp.xcdatamodel */,
			);
			currentVersion = 077071D32607398100370086 /* ExampleApp.xcdatamodel */;
			path = ExampleApp.xcdatamodeld;
			sourceTree = "<group>";
			versionGroupType = wrapper.xcdatamodel;
		};
/* End XCVersionGroup section */
	};
	rootObject = 077071BC2607397D00370086 /* Project object */;
}
